// !$*UTF8*$!
{
	archiveVersion = 1;
	classes = {
	};
	objectVersion = 48;
	objects = {

/* Begin PBXBuildFile section */
		C0022AE820127C3600763FBD /* DataModel.swift in Sources */ = {isa = PBXBuildFile; fileRef = C0022AE720127C3600763FBD /* DataModel.swift */; };
		C0022AEA2012802F00763FBD /* Account.swift in Sources */ = {isa = PBXBuildFile; fileRef = C0022AE92012802F00763FBD /* Account.swift */; };
		C0022AEC2012803D00763FBD /* Transaction.swift in Sources */ = {isa = PBXBuildFile; fileRef = C0022AEB2012803D00763FBD /* Transaction.swift */; };
		C0022AEE2012827B00763FBD /* GoogleService-Info.plist in Resources */ = {isa = PBXBuildFile; fileRef = C0022AED2012827B00763FBD /* GoogleService-Info.plist */; };
		C0022AF12012878E00763FBD /* Default-568h@2x.png in Resources */ = {isa = PBXBuildFile; fileRef = C0022AF02012878E00763FBD /* Default-568h@2x.png */; };
		C0172A75210FCCDF150D863A /* Pods_BankApp.framework in Frameworks */ = {isa = PBXBuildFile; fileRef = 2BC39A73D129C93C4033A651 /* Pods_BankApp.framework */; };
		C0226B4820124FD500FA0C51 /* AppDelegate.swift in Sources */ = {isa = PBXBuildFile; fileRef = C0226B4720124FD500FA0C51 /* AppDelegate.swift */; };
		C0226B4D20124FD500FA0C51 /* Main.storyboard in Resources */ = {isa = PBXBuildFile; fileRef = C0226B4B20124FD500FA0C51 /* Main.storyboard */; };
		C0226B4F20124FD500FA0C51 /* Assets.xcassets in Resources */ = {isa = PBXBuildFile; fileRef = C0226B4E20124FD500FA0C51 /* Assets.xcassets */; };
		C0226B5220124FD500FA0C51 /* LaunchScreen.storyboard in Resources */ = {isa = PBXBuildFile; fileRef = C0226B5020124FD500FA0C51 /* LaunchScreen.storyboard */; };
		C0226B5B201252EE00FA0C51 /* LoginViewController.swift in Sources */ = {isa = PBXBuildFile; fileRef = C0226B5A201252EE00FA0C51 /* LoginViewController.swift */; };
		C0226B5D201253B800FA0C51 /* User.swift in Sources */ = {isa = PBXBuildFile; fileRef = C0226B5C201253B800FA0C51 /* User.swift */; };
		C04CEE2D2016440700DB6517 /* KeychainPasswordItem.swift in Sources */ = {isa = PBXBuildFile; fileRef = C04CEE2C2016440700DB6517 /* KeychainPasswordItem.swift */; };
		C05A78DE20166F1B000AABC1 /* AccountsTableViewController.swift in Sources */ = {isa = PBXBuildFile; fileRef = C05A78DD20166F1B000AABC1 /* AccountsTableViewController.swift */; };
		C05A78E020178D80000AABC1 /* AccountTableViewCell.swift in Sources */ = {isa = PBXBuildFile; fileRef = C05A78DF20178D80000AABC1 /* AccountTableViewCell.swift */; };
		C05A78E22017937D000AABC1 /* TransactionTableViewController.swift in Sources */ = {isa = PBXBuildFile; fileRef = C05A78E12017937D000AABC1 /* TransactionTableViewController.swift */; };
		C05A78E42017A3E3000AABC1 /* TransactionTableViewCell.swift in Sources */ = {isa = PBXBuildFile; fileRef = C05A78E32017A3E3000AABC1 /* TransactionTableViewCell.swift */; };
		C096D5232016620F0002F2B4 /* ProgressHUD.swift in Sources */ = {isa = PBXBuildFile; fileRef = C096D5222016620F0002F2B4 /* ProgressHUD.swift */; };
/* End PBXBuildFile section */

/* Begin PBXFileReference section */
		2BC39A73D129C93C4033A651 /* Pods_BankApp.framework */ = {isa = PBXFileReference; explicitFileType = wrapper.framework; includeInIndex = 0; path = Pods_BankApp.framework; sourceTree = BUILT_PRODUCTS_DIR; };
		573C34488F141B115EA0EDE7 /* Pods-BankApp.release.xcconfig */ = {isa = PBXFileReference; includeInIndex = 1; lastKnownFileType = text.xcconfig; name = "Pods-BankApp.release.xcconfig"; path = "Pods/Target Support Files/Pods-BankApp/Pods-BankApp.release.xcconfig"; sourceTree = "<group>"; };
		8EAC39CB131E9536FEF1C3BB /* Pods-BankApp.debug.xcconfig */ = {isa = PBXFileReference; includeInIndex = 1; lastKnownFileType = text.xcconfig; name = "Pods-BankApp.debug.xcconfig"; path = "Pods/Target Support Files/Pods-BankApp/Pods-BankApp.debug.xcconfig"; sourceTree = "<group>"; };
		C0022AE720127C3600763FBD /* DataModel.swift */ = {isa = PBXFileReference; lastKnownFileType = sourcecode.swift; path = DataModel.swift; sourceTree = "<group>"; };
		C0022AE92012802F00763FBD /* Account.swift */ = {isa = PBXFileReference; lastKnownFileType = sourcecode.swift; path = Account.swift; sourceTree = "<group>"; };
		C0022AEB2012803D00763FBD /* Transaction.swift */ = {isa = PBXFileReference; lastKnownFileType = sourcecode.swift; path = Transaction.swift; sourceTree = "<group>"; };
		C0022AED2012827B00763FBD /* GoogleService-Info.plist */ = {isa = PBXFileReference; fileEncoding = 4; lastKnownFileType = text.plist.xml; path = "GoogleService-Info.plist"; sourceTree = "<group>"; };
		C0022AF02012878E00763FBD /* Default-568h@2x.png */ = {isa = PBXFileReference; lastKnownFileType = image.png; path = "Default-568h@2x.png"; sourceTree = "<group>"; };
		C0226B4420124FD500FA0C51 /* BankApp.app */ = {isa = PBXFileReference; explicitFileType = wrapper.application; includeInIndex = 0; path = BankApp.app; sourceTree = BUILT_PRODUCTS_DIR; };
		C0226B4720124FD500FA0C51 /* AppDelegate.swift */ = {isa = PBXFileReference; lastKnownFileType = sourcecode.swift; path = AppDelegate.swift; sourceTree = "<group>"; };
		C0226B4C20124FD500FA0C51 /* Base */ = {isa = PBXFileReference; lastKnownFileType = file.storyboard; name = Base; path = Base.lproj/Main.storyboard; sourceTree = "<group>"; };
		C0226B4E20124FD500FA0C51 /* Assets.xcassets */ = {isa = PBXFileReference; lastKnownFileType = folder.assetcatalog; path = Assets.xcassets; sourceTree = "<group>"; };
		C0226B5120124FD500FA0C51 /* Base */ = {isa = PBXFileReference; lastKnownFileType = file.storyboard; name = Base; path = Base.lproj/LaunchScreen.storyboard; sourceTree = "<group>"; };
		C0226B5320124FD500FA0C51 /* Info.plist */ = {isa = PBXFileReference; lastKnownFileType = text.plist.xml; path = Info.plist; sourceTree = "<group>"; };
		C0226B5A201252EE00FA0C51 /* LoginViewController.swift */ = {isa = PBXFileReference; lastKnownFileType = sourcecode.swift; path = LoginViewController.swift; sourceTree = "<group>"; };
		C0226B5C201253B800FA0C51 /* User.swift */ = {isa = PBXFileReference; lastKnownFileType = sourcecode.swift; path = User.swift; sourceTree = "<group>"; };
		C04CEE2C2016440700DB6517 /* KeychainPasswordItem.swift */ = {isa = PBXFileReference; fileEncoding = 4; lastKnownFileType = sourcecode.swift; path = KeychainPasswordItem.swift; sourceTree = "<group>"; };
		C05A78DD20166F1B000AABC1 /* AccountsTableViewController.swift */ = {isa = PBXFileReference; lastKnownFileType = sourcecode.swift; path = AccountsTableViewController.swift; sourceTree = "<group>"; };
		C05A78DF20178D80000AABC1 /* AccountTableViewCell.swift */ = {isa = PBXFileReference; lastKnownFileType = sourcecode.swift; path = AccountTableViewCell.swift; sourceTree = "<group>"; };
		C05A78E12017937D000AABC1 /* TransactionTableViewController.swift */ = {isa = PBXFileReference; lastKnownFileType = sourcecode.swift; path = TransactionTableViewController.swift; sourceTree = "<group>"; };
		C05A78E32017A3E3000AABC1 /* TransactionTableViewCell.swift */ = {isa = PBXFileReference; lastKnownFileType = sourcecode.swift; path = TransactionTableViewCell.swift; sourceTree = "<group>"; };
		C096D5222016620F0002F2B4 /* ProgressHUD.swift */ = {isa = PBXFileReference; lastKnownFileType = sourcecode.swift; path = ProgressHUD.swift; sourceTree = "<group>"; };
/* End PBXFileReference section */

/* Begin PBXFrameworksBuildPhase section */
		C0226B4120124FD500FA0C51 /* Frameworks */ = {
			isa = PBXFrameworksBuildPhase;
			buildActionMask = 2147483647;
			files = (
				C0172A75210FCCDF150D863A /* Pods_BankApp.framework in Frameworks */,
			);
			runOnlyForDeploymentPostprocessing = 0;
		};
/* End PBXFrameworksBuildPhase section */

/* Begin PBXGroup section */
		399725D5A2DA8CC2F2095BE8 /* Pods */ = {
			isa = PBXGroup;
			children = (
				8EAC39CB131E9536FEF1C3BB /* Pods-BankApp.debug.xcconfig */,
				573C34488F141B115EA0EDE7 /* Pods-BankApp.release.xcconfig */,
			);
			name = Pods;
			sourceTree = "<group>";
		};
		C0022AEF2012828300763FBD /* Support Files */ = {
			isa = PBXGroup;
			children = (
				C0022AED2012827B00763FBD /* GoogleService-Info.plist */,
			);
			path = "Support Files";
			sourceTree = "<group>";
		};
		C0226B3B20124FD500FA0C51 = {
			isa = PBXGroup;
			children = (
				C0022AF02012878E00763FBD /* Default-568h@2x.png */,
				C0226B4620124FD500FA0C51 /* BankApp */,
				C0226B4520124FD500FA0C51 /* Products */,
				399725D5A2DA8CC2F2095BE8 /* Pods */,
				D4134F7E9997184A8E23158C /* Frameworks */,
			);
			sourceTree = "<group>";
		};
		C0226B4520124FD500FA0C51 /* Products */ = {
			isa = PBXGroup;
			children = (
				C0226B4420124FD500FA0C51 /* BankApp.app */,
			);
			name = Products;
			sourceTree = "<group>";
		};
		C0226B4620124FD500FA0C51 /* BankApp */ = {
			isa = PBXGroup;
			children = (
				C0226B5320124FD500FA0C51 /* Info.plist */,
				C0226B4720124FD500FA0C51 /* AppDelegate.swift */,
				C0226B4B20124FD500FA0C51 /* Main.storyboard */,
				C0226B4E20124FD500FA0C51 /* Assets.xcassets */,
				C0226B5020124FD500FA0C51 /* LaunchScreen.storyboard */,
				C04CEE2C2016440700DB6517 /* KeychainPasswordItem.swift */,
				C0226B5E2012543000FA0C51 /* Models */,
				C0226B59201252A100FA0C51 /* Controllers */,
				C0022AEF2012828300763FBD /* Support Files */,
			);
			path = BankApp;
			sourceTree = "<group>";
		};
		C0226B59201252A100FA0C51 /* Controllers */ = {
			isa = PBXGroup;
			children = (
				C096D5222016620F0002F2B4 /* ProgressHUD.swift */,
				C05A78DF20178D80000AABC1 /* AccountTableViewCell.swift */,
				C05A78E32017A3E3000AABC1 /* TransactionTableViewCell.swift */,
				C0226B5A201252EE00FA0C51 /* LoginViewController.swift */,
				C05A78DD20166F1B000AABC1 /* AccountsTableViewController.swift */,
				C05A78E12017937D000AABC1 /* TransactionTableViewController.swift */,
			);
			path = Controllers;
			sourceTree = "<group>";
		};
		C0226B5E2012543000FA0C51 /* Models */ = {
			isa = PBXGroup;
			children = (
				C0022AE720127C3600763FBD /* DataModel.swift */,
				C0226B5C201253B800FA0C51 /* User.swift */,
				C0022AEB2012803D00763FBD /* Transaction.swift */,
				C0022AE92012802F00763FBD /* Account.swift */,
			);
			path = Models;
			sourceTree = "<group>";
		};
		D4134F7E9997184A8E23158C /* Frameworks */ = {
			isa = PBXGroup;
			children = (
				2BC39A73D129C93C4033A651 /* Pods_BankApp.framework */,
			);
			name = Frameworks;
			sourceTree = "<group>";
		};
/* End PBXGroup section */

/* Begin PBXNativeTarget section */
		C0226B4320124FD500FA0C51 /* BankApp */ = {
			isa = PBXNativeTarget;
			buildConfigurationList = C0226B5620124FD500FA0C51 /* Build configuration list for PBXNativeTarget "BankApp" */;
			buildPhases = (
				7EB9969FF9E84EFE2F3FC6A6 /* [CP] Check Pods Manifest.lock */,
				C0226B4020124FD500FA0C51 /* Sources */,
				C0226B4120124FD500FA0C51 /* Frameworks */,
				C0226B4220124FD500FA0C51 /* Resources */,
				4EDB2F5D2E3F7CE5BCC81272 /* [CP] Embed Pods Frameworks */,
				5686687FFA9C4E0DB136FBEB /* [CP] Copy Pods Resources */,
			);
			buildRules = (
			);
			dependencies = (
			);
			name = BankApp;
			productName = BankApp;
			productReference = C0226B4420124FD500FA0C51 /* BankApp.app */;
			productType = "com.apple.product-type.application";
		};
/* End PBXNativeTarget section */

/* Begin PBXProject section */
		C0226B3C20124FD500FA0C51 /* Project object */ = {
			isa = PBXProject;
			attributes = {
				LastSwiftUpdateCheck = 0920;
				LastUpgradeCheck = 0920;
				ORGANIZATIONNAME = reusjos;
				TargetAttributes = {
					C0226B4320124FD500FA0C51 = {
						CreatedOnToolsVersion = 9.2;
						ProvisioningStyle = Automatic;
					};
				};
			};
			buildConfigurationList = C0226B3F20124FD500FA0C51 /* Build configuration list for PBXProject "BankApp" */;
			compatibilityVersion = "Xcode 8.0";
			developmentRegion = en;
			hasScannedForEncodings = 0;
			knownRegions = (
				en,
				Base,
			);
			mainGroup = C0226B3B20124FD500FA0C51;
			productRefGroup = C0226B4520124FD500FA0C51 /* Products */;
			projectDirPath = "";
			projectRoot = "";
			targets = (
				C0226B4320124FD500FA0C51 /* BankApp */,
			);
		};
/* End PBXProject section */

/* Begin PBXResourcesBuildPhase section */
		C0226B4220124FD500FA0C51 /* Resources */ = {
			isa = PBXResourcesBuildPhase;
			buildActionMask = 2147483647;
			files = (
				C0226B5220124FD500FA0C51 /* LaunchScreen.storyboard in Resources */,
				C0022AEE2012827B00763FBD /* GoogleService-Info.plist in Resources */,
				C0226B4F20124FD500FA0C51 /* Assets.xcassets in Resources */,
				C0022AF12012878E00763FBD /* Default-568h@2x.png in Resources */,
				C0226B4D20124FD500FA0C51 /* Main.storyboard in Resources */,
			);
			runOnlyForDeploymentPostprocessing = 0;
		};
/* End PBXResourcesBuildPhase section */

/* Begin PBXShellScriptBuildPhase section */
		4EDB2F5D2E3F7CE5BCC81272 /* [CP] Embed Pods Frameworks */ = {
			isa = PBXShellScriptBuildPhase;
			buildActionMask = 2147483647;
			files = (
			);
			inputPaths = (
				"${SRCROOT}/Pods/Target Support Files/Pods-BankApp/Pods-BankApp-frameworks.sh",
				"${BUILT_PRODUCTS_DIR}/GTMSessionFetcher/GTMSessionFetcher.framework",
				"${BUILT_PRODUCTS_DIR}/GoogleToolboxForMac/GoogleToolboxForMac.framework",
				"${BUILT_PRODUCTS_DIR}/NVActivityIndicatorView/NVActivityIndicatorView.framework",
				"${BUILT_PRODUCTS_DIR}/leveldb-library/leveldb.framework",
				"${BUILT_PRODUCTS_DIR}/nanopb/nanopb.framework",
			);
			name = "[CP] Embed Pods Frameworks";
			outputPaths = (
				"${TARGET_BUILD_DIR}/${FRAMEWORKS_FOLDER_PATH}/GTMSessionFetcher.framework",
				"${TARGET_BUILD_DIR}/${FRAMEWORKS_FOLDER_PATH}/GoogleToolboxForMac.framework",
				"${TARGET_BUILD_DIR}/${FRAMEWORKS_FOLDER_PATH}/NVActivityIndicatorView.framework",
				"${TARGET_BUILD_DIR}/${FRAMEWORKS_FOLDER_PATH}/leveldb.framework",
				"${TARGET_BUILD_DIR}/${FRAMEWORKS_FOLDER_PATH}/nanopb.framework",
			);
			runOnlyForDeploymentPostprocessing = 0;
			shellPath = /bin/sh;
			shellScript = "\"${SRCROOT}/Pods/Target Support Files/Pods-BankApp/Pods-BankApp-frameworks.sh\"\n";
			showEnvVarsInLog = 0;
		};
		5686687FFA9C4E0DB136FBEB /* [CP] Copy Pods Resources */ = {
			isa = PBXShellScriptBuildPhase;
			buildActionMask = 2147483647;
			files = (
			);
			inputPaths = (
				"${SRCROOT}/Pods/Target Support Files/Pods-BankApp/Pods-BankApp-resources.sh",
				"${PODS_ROOT}/JGProgressHUD/JGProgressHUD/Resources/jg_hud_error.png",
				"${PODS_ROOT}/JGProgressHUD/JGProgressHUD/Resources/jg_hud_error@2x.png",
				"${PODS_ROOT}/JGProgressHUD/JGProgressHUD/Resources/jg_hud_error@3x.png",
				"${PODS_ROOT}/JGProgressHUD/JGProgressHUD/Resources/jg_hud_success.png",
				"${PODS_ROOT}/JGProgressHUD/JGProgressHUD/Resources/jg_hud_success@2x.png",
				"${PODS_ROOT}/JGProgressHUD/JGProgressHUD/Resources/jg_hud_success@3x.png",
			);
			name = "[CP] Copy Pods Resources";
			outputPaths = (
				"${TARGET_BUILD_DIR}/${UNLOCALIZED_RESOURCES_FOLDER_PATH}/jg_hud_error.png",
				"${TARGET_BUILD_DIR}/${UNLOCALIZED_RESOURCES_FOLDER_PATH}/jg_hud_error@2x.png",
				"${TARGET_BUILD_DIR}/${UNLOCALIZED_RESOURCES_FOLDER_PATH}/jg_hud_error@3x.png",
				"${TARGET_BUILD_DIR}/${UNLOCALIZED_RESOURCES_FOLDER_PATH}/jg_hud_success.png",
				"${TARGET_BUILD_DIR}/${UNLOCALIZED_RESOURCES_FOLDER_PATH}/jg_hud_success@2x.png",
				"${TARGET_BUILD_DIR}/${UNLOCALIZED_RESOURCES_FOLDER_PATH}/jg_hud_success@3x.png",
			);
			runOnlyForDeploymentPostprocessing = 0;
			shellPath = /bin/sh;
			shellScript = "\"${SRCROOT}/Pods/Target Support Files/Pods-BankApp/Pods-BankApp-resources.sh\"\n";
			showEnvVarsInLog = 0;
		};
		7EB9969FF9E84EFE2F3FC6A6 /* [CP] Check Pods Manifest.lock */ = {
			isa = PBXShellScriptBuildPhase;
			buildActionMask = 2147483647;
			files = (
			);
			inputPaths = (
				"${PODS_PODFILE_DIR_PATH}/Podfile.lock",
				"${PODS_ROOT}/Manifest.lock",
			);
			name = "[CP] Check Pods Manifest.lock";
			outputPaths = (
				"$(DERIVED_FILE_DIR)/Pods-BankApp-checkManifestLockResult.txt",
			);
			runOnlyForDeploymentPostprocessing = 0;
			shellPath = /bin/sh;
			shellScript = "diff \"${PODS_PODFILE_DIR_PATH}/Podfile.lock\" \"${PODS_ROOT}/Manifest.lock\" > /dev/null\nif [ $? != 0 ] ; then\n    # print error to STDERR\n    echo \"error: The sandbox is not in sync with the Podfile.lock. Run 'pod install' or update your CocoaPods installation.\" >&2\n    exit 1\nfi\n# This output is used by Xcode 'outputs' to avoid re-running this script phase.\necho \"SUCCESS\" > \"${SCRIPT_OUTPUT_FILE_0}\"\n";
			showEnvVarsInLog = 0;
		};
/* End PBXShellScriptBuildPhase section */

/* Begin PBXSourcesBuildPhase section */
		C0226B4020124FD500FA0C51 /* Sources */ = {
			isa = PBXSourcesBuildPhase;
			buildActionMask = 2147483647;
			files = (
				C0022AE820127C3600763FBD /* DataModel.swift in Sources */,
				C0226B5D201253B800FA0C51 /* User.swift in Sources */,
				C096D5232016620F0002F2B4 /* ProgressHUD.swift in Sources */,
				C05A78E020178D80000AABC1 /* AccountTableViewCell.swift in Sources */,
				C0022AEC2012803D00763FBD /* Transaction.swift in Sources */,
				C05A78DE20166F1B000AABC1 /* AccountsTableViewController.swift in Sources */,
				C04CEE2D2016440700DB6517 /* KeychainPasswordItem.swift in Sources */,
				C0226B5B201252EE00FA0C51 /* LoginViewController.swift in Sources */,
				C05A78E22017937D000AABC1 /* TransactionTableViewController.swift in Sources */,
				C0226B4820124FD500FA0C51 /* AppDelegate.swift in Sources */,
				C05A78E42017A3E3000AABC1 /* TransactionTableViewCell.swift in Sources */,
				C0022AEA2012802F00763FBD /* Account.swift in Sources */,
			);
			runOnlyForDeploymentPostprocessing = 0;
		};
/* End PBXSourcesBuildPhase section */

/* Begin PBXVariantGroup section */
		C0226B4B20124FD500FA0C51 /* Main.storyboard */ = {
			isa = PBXVariantGroup;
			children = (
				C0226B4C20124FD500FA0C51 /* Base */,
			);
			name = Main.storyboard;
			sourceTree = "<group>";
		};
		C0226B5020124FD500FA0C51 /* LaunchScreen.storyboard */ = {
			isa = PBXVariantGroup;
			children = (
				C0226B5120124FD500FA0C51 /* Base */,
			);
			name = LaunchScreen.storyboard;
			sourceTree = "<group>";
		};
/* End PBXVariantGroup section */

/* Begin XCBuildConfiguration section */
		C0226B5420124FD500FA0C51 /* Debug */ = {
			isa = XCBuildConfiguration;
			buildSettings = {
				ALWAYS_SEARCH_USER_PATHS = NO;
				CLANG_ANALYZER_NONNULL = YES;
				CLANG_ANALYZER_NUMBER_OBJECT_CONVERSION = YES_AGGRESSIVE;
				CLANG_CXX_LANGUAGE_STANDARD = "gnu++14";
				CLANG_CXX_LIBRARY = "libc++";
				CLANG_ENABLE_MODULES = YES;
				CLANG_ENABLE_OBJC_ARC = YES;
				CLANG_WARN_BLOCK_CAPTURE_AUTORELEASING = YES;
				CLANG_WARN_BOOL_CONVERSION = YES;
				CLANG_WARN_COMMA = YES;
				CLANG_WARN_CONSTANT_CONVERSION = YES;
				CLANG_WARN_DIRECT_OBJC_ISA_USAGE = YES_ERROR;
				CLANG_WARN_DOCUMENTATION_COMMENTS = YES;
				CLANG_WARN_EMPTY_BODY = YES;
				CLANG_WARN_ENUM_CONVERSION = YES;
				CLANG_WARN_INFINITE_RECURSION = YES;
				CLANG_WARN_INT_CONVERSION = YES;
				CLANG_WARN_NON_LITERAL_NULL_CONVERSION = YES;
				CLANG_WARN_OBJC_LITERAL_CONVERSION = YES;
				CLANG_WARN_OBJC_ROOT_CLASS = YES_ERROR;
				CLANG_WARN_RANGE_LOOP_ANALYSIS = YES;
				CLANG_WARN_STRICT_PROTOTYPES = YES;
				CLANG_WARN_SUSPICIOUS_MOVE = YES;
				CLANG_WARN_UNGUARDED_AVAILABILITY = YES_AGGRESSIVE;
				CLANG_WARN_UNREACHABLE_CODE = YES;
				CLANG_WARN__DUPLICATE_METHOD_MATCH = YES;
				CODE_SIGN_IDENTITY = "iPhone Developer";
				COPY_PHASE_STRIP = NO;
				DEBUG_INFORMATION_FORMAT = dwarf;
				ENABLE_STRICT_OBJC_MSGSEND = YES;
				ENABLE_TESTABILITY = YES;
				GCC_C_LANGUAGE_STANDARD = gnu11;
				GCC_DYNAMIC_NO_PIC = NO;
				GCC_NO_COMMON_BLOCKS = YES;
				GCC_OPTIMIZATION_LEVEL = 0;
				GCC_PREPROCESSOR_DEFINITIONS = (
					"DEBUG=1",
					"$(inherited)",
				);
				GCC_WARN_64_TO_32_BIT_CONVERSION = YES;
				GCC_WARN_ABOUT_RETURN_TYPE = YES_ERROR;
				GCC_WARN_UNDECLARED_SELECTOR = YES;
				GCC_WARN_UNINITIALIZED_AUTOS = YES_AGGRESSIVE;
				GCC_WARN_UNUSED_FUNCTION = YES;
				GCC_WARN_UNUSED_VARIABLE = YES;
				IPHONEOS_DEPLOYMENT_TARGET = 11.2;
				MTL_ENABLE_DEBUG_INFO = YES;
				ONLY_ACTIVE_ARCH = YES;
				SDKROOT = iphoneos;
				SWIFT_ACTIVE_COMPILATION_CONDITIONS = DEBUG;
				SWIFT_OPTIMIZATION_LEVEL = "-Onone";
			};
			name = Debug;
		};
		C0226B5520124FD500FA0C51 /* Release */ = {
			isa = XCBuildConfiguration;
			buildSettings = {
				ALWAYS_SEARCH_USER_PATHS = NO;
				CLANG_ANALYZER_NONNULL = YES;
				CLANG_ANALYZER_NUMBER_OBJECT_CONVERSION = YES_AGGRESSIVE;
				CLANG_CXX_LANGUAGE_STANDARD = "gnu++14";
				CLANG_CXX_LIBRARY = "libc++";
				CLANG_ENABLE_MODULES = YES;
				CLANG_ENABLE_OBJC_ARC = YES;
				CLANG_WARN_BLOCK_CAPTURE_AUTORELEASING = YES;
				CLANG_WARN_BOOL_CONVERSION = YES;
				CLANG_WARN_COMMA = YES;
				CLANG_WARN_CONSTANT_CONVERSION = YES;
				CLANG_WARN_DIRECT_OBJC_ISA_USAGE = YES_ERROR;
				CLANG_WARN_DOCUMENTATION_COMMENTS = YES;
				CLANG_WARN_EMPTY_BODY = YES;
				CLANG_WARN_ENUM_CONVERSION = YES;
				CLANG_WARN_INFINITE_RECURSION = YES;
				CLANG_WARN_INT_CONVERSION = YES;
				CLANG_WARN_NON_LITERAL_NULL_CONVERSION = YES;
				CLANG_WARN_OBJC_LITERAL_CONVERSION = YES;
				CLANG_WARN_OBJC_ROOT_CLASS = YES_ERROR;
				CLANG_WARN_RANGE_LOOP_ANALYSIS = YES;
				CLANG_WARN_STRICT_PROTOTYPES = YES;
				CLANG_WARN_SUSPICIOUS_MOVE = YES;
				CLANG_WARN_UNGUARDED_AVAILABILITY = YES_AGGRESSIVE;
				CLANG_WARN_UNREACHABLE_CODE = YES;
				CLANG_WARN__DUPLICATE_METHOD_MATCH = YES;
				CODE_SIGN_IDENTITY = "iPhone Developer";
				COPY_PHASE_STRIP = NO;
				DEBUG_INFORMATION_FORMAT = "dwarf-with-dsym";
				ENABLE_NS_ASSERTIONS = NO;
				ENABLE_STRICT_OBJC_MSGSEND = YES;
				GCC_C_LANGUAGE_STANDARD = gnu11;
				GCC_NO_COMMON_BLOCKS = YES;
				GCC_WARN_64_TO_32_BIT_CONVERSION = YES;
				GCC_WARN_ABOUT_RETURN_TYPE = YES_ERROR;
				GCC_WARN_UNDECLARED_SELECTOR = YES;
				GCC_WARN_UNINITIALIZED_AUTOS = YES_AGGRESSIVE;
				GCC_WARN_UNUSED_FUNCTION = YES;
				GCC_WARN_UNUSED_VARIABLE = YES;
				IPHONEOS_DEPLOYMENT_TARGET = 11.2;
				MTL_ENABLE_DEBUG_INFO = NO;
				SDKROOT = iphoneos;
				SWIFT_OPTIMIZATION_LEVEL = "-Owholemodule";
				VALIDATE_PRODUCT = YES;
			};
			name = Release;
		};
		C0226B5720124FD500FA0C51 /* Debug */ = {
			isa = XCBuildConfiguration;
			baseConfigurationReference = 8EAC39CB131E9536FEF1C3BB /* Pods-BankApp.debug.xcconfig */;
			buildSettings = {
				ASSETCATALOG_COMPILER_APPICON_NAME = AppIcon;
				CODE_SIGN_STYLE = Automatic;
				DEVELOPMENT_TEAM = 22WD8DG3NU;
				INFOPLIST_FILE = BankApp/Info.plist;
				LD_RUNPATH_SEARCH_PATHS = "$(inherited) @executable_path/Frameworks";
				PRODUCT_BUNDLE_IDENTIFIER = com.reusjos.BankApp;
				PRODUCT_NAME = "$(TARGET_NAME)";
				SWIFT_VERSION = 4.0;
				TARGETED_DEVICE_FAMILY = "1,2";
			};
			name = Debug;
		};
		C0226B5820124FD500FA0C51 /* Release */ = {
			isa = XCBuildConfiguration;
			baseConfigurationReference = 573C34488F141B115EA0EDE7 /* Pods-BankApp.release.xcconfig */;
			buildSettings = {
				ASSETCATALOG_COMPILER_APPICON_NAME = AppIcon;
				CODE_SIGN_STYLE = Automatic;
				DEVELOPMENT_TEAM = 22WD8DG3NU;
				INFOPLIST_FILE = BankApp/Info.plist;
				LD_RUNPATH_SEARCH_PATHS = "$(inherited) @executable_path/Frameworks";
				PRODUCT_BUNDLE_IDENTIFIER = com.reusjos.BankApp;
				PRODUCT_NAME = "$(TARGET_NAME)";
				SWIFT_VERSION = 4.0;
				TARGETED_DEVICE_FAMILY = "1,2";
			};
			name = Release;
		};
/* End XCBuildConfiguration section */

/* Begin XCConfigurationList section */
		C0226B3F20124FD500FA0C51 /* Build configuration list for PBXProject "BankApp" */ = {
			isa = XCConfigurationList;
			buildConfigurations = (
				C0226B5420124FD500FA0C51 /* Debug */,
				C0226B5520124FD500FA0C51 /* Release */,
			);
			defaultConfigurationIsVisible = 0;
			defaultConfigurationName = Release;
		};
		C0226B5620124FD500FA0C51 /* Build configuration list for PBXNativeTarget "BankApp" */ = {
			isa = XCConfigurationList;
			buildConfigurations = (
				C0226B5720124FD500FA0C51 /* Debug */,
				C0226B5820124FD500FA0C51 /* Release */,
			);
			defaultConfigurationIsVisible = 0;
			defaultConfigurationName = Release;
		};
/* End XCConfigurationList section */
	};
	rootObject = C0226B3C20124FD500FA0C51 /* Project object */;
}
